
Microsoft Visual Studio Solution File, Format Version 12.00
# Visual Studio Version 17
VisualStudioVersion = 17.7.34221.43
MinimumVisualStudioVersion = 10.0.40219.1
Project("{FAE04EC0-301F-11D3-BF4B-00C04F79EFBC}") = "CExample.Net", "CExample.Net\CExample.Net.csproj", "{F1529A4E-4988-4711-BED5-E3821EBBCE81}"
EndProject
Project("{9A19103F-16F7-4668-BE54-9A1E7A4F7556}") = "CEngine.Net", "CEngine.Net\CEngine.Net.csproj", "{68301306-E33B-4FDB-9BE3-9A2C049465A4}"
EndProject
Global
	GlobalSection(SolutionConfigurationPlatforms) = preSolution
		Debug|Any CPU = Debug|Any CPU
		Release|Any CPU = Release|Any CPU
	EndGlobalSection
	GlobalSection(ProjectConfigurationPlatforms) = postSolution
		{F1529A4E-4988-4711-BED5-E3821EBBCE81}.Debug|Any CPU.ActiveCfg = Debug|Any CPU
		{F1529A4E-4988-4711-BED5-E3821EBBCE81}.Debug|Any CPU.Build.0 = Debug|Any CPU
		{F1529A4E-4988-4711-BED5-E3821EBBCE81}.Release|Any CPU.ActiveCfg = Release|Any CPU
		{F1529A4E-4988-4711-BED5-E3821EBBCE81}.Release|Any CPU.Build.0 = Release|Any CPU
		{68301306-E33B-4FDB-9BE3-9A2C049465A4}.Debug|Any CPU.ActiveCfg = Debug|Any CPU
		{68301306-E33B-4FDB-9BE3-9A2C049465A4}.Debug|Any CPU.Build.0 = Debug|Any CPU
		{68301306-E33B-4FDB-9BE3-9A2C049465A4}.Release|Any CPU.ActiveCfg = Release|Any CPU
		{68301306-E33B-4FDB-9BE3-9A2C049465A4}.Release|Any CPU.Build.0 = Release|Any CPU
	EndGlobalSection
	GlobalSection(SolutionProperties) = preSolution
		HideSolutionNode = FALSE
	EndGlobalSection
	GlobalSection(ExtensibilityGlobals) = postSolution
		SolutionGuid = {F1C2385A-C49F-465D-9655-88F73F844985}
	EndGlobalSection
EndGlobal
